{
  "nodes": {
    "nixpkgs": {
      "locked": {
        "lastModified": 1707163378,
        "narHash": "sha256-oz+BzUDwtyircjjxv9aPYOS5gobxLCjD2il+gb/bCRo=",
        "owner": "nixos",
        "repo": "nixpkgs",
        "rev": "e2ffefe304d941bb98989847944f3b58e0adcdd5",
        "type": "github"
      },
      "original": {
        "owner": "nixos",
        "repo": "nixpkgs",
        "rev": "e2ffefe304d941bb98989847944f3b58e0adcdd5",
        "type": "github"
      }
    },
    "root": {
      "inputs": {
        "nixpkgs": "nixpkgs"
      }
    }
  },
  "root": "root",
  "version": 7
}
