{
  "nodes": {
    "nixpkgs": {
      "locked": {
        "lastModified": 1738236257,
        "narHash": "sha256-ryoKZKgVJNdWMAIIqJde9rTlcHM3Nw5h5HcIKN4WZP4=",
        "owner": "nixos",
        "repo": "nixpkgs",
        "rev": "006a5f3ee4e07c33d1253070fd2e9e33bc204f1c",
        "type": "github"
      },
      "original": {
        "owner": "nixos",
        "repo": "nixpkgs",
        "rev": "006a5f3ee4e07c33d1253070fd2e9e33bc204f1c",
        "type": "github"
      }
    },
    "root": {
      "inputs": {
        "nixpkgs": "nixpkgs"
      }
    }
  },
  "root": "root",
  "version": 7
}
